{
  "name": "@bettercad/ui",
  "version": "0.0.1",
  "lockfileVersion": 3,
  "requires": true,
  "packages": {
    "": {
      "name": "@bettercad/ui",
      "version": "0.0.1",
      "dependencies": {
        "@react-three/drei": "^10.0.0",
        "@react-three/fiber": "^9.1.2",
        "@tauri-apps/api": "^2",
        "immer": "^10.1.1",
        "react": "^18.3.1",
        "react-dom": "^18.3.1",
        "three": "^0.172.0",
        "zundo": "^2.3.0",
        "zustand": "^5.0.0"
      },
      "devDependencies": {
        "@types/react": "^18.3.0",
        "@types/react-dom": "^18.3.0",
        "@types/three": "^0.172.0",
        "@vitejs/plugin-react": "^4.5.0",
        "typescript": "~5.7.0",
        "vite": "^6.3.0",
        "vite-plugin-wasm": "^3.4.1"
      }
    },
    "../../node_modules/.pnpm/@react-three+drei@10.7.7_@react-three+fiber@9.5.0_@types+react@18.3.28_immer@10.2.0_rea_1f518809d1a4c8c460728413ad2faba0/node_modules/@react-three/drei": {
      "version": "10.7.7",
      "license": "MIT",
      "dependencies": {
        "@babel/runtime": "^7.26.0",
        "@mediapipe/tasks-vision": "0.10.17",
        "@monogrid/gainmap-js": "^3.0.6",
        "@use-gesture/react": "^10.3.1",
        "camera-controls": "^3.1.0",
        "cross-env": "^7.0.3",
        "detect-gpu": "^5.0.56",
        "glsl-noise": "^0.0.0",
        "hls.js": "^1.5.17",
        "maath": "^0.10.8",
        "meshline": "^3.3.1",
        "stats-gl": "^2.2.8",
        "stats.js": "^0.17.0",
        "suspend-react": "^0.1.3",
        "three-mesh-bvh": "^0.8.3",
        "three-stdlib": "^2.35.6",
        "troika-three-text": "^0.52.4",
        "tunnel-rat": "^0.1.2",
        "use-sync-external-store": "^1.4.0",
        "utility-types": "^3.11.0",
        "zustand": "^5.0.1"
      },
      "peerDependencies": {
        "@react-three/fiber": "^9.0.0",
        "react": "^19",
        "react-dom": "^19",
        "three": ">=0.159"
      },
      "peerDependenciesMeta": {
        "react-dom": {
          "optional": true
        }
      }
    },
    "../../node_modules/.pnpm/@react-three+fiber@9.5.0_@types+react@18.3.28_immer@10.2.0_react-dom@18.3.1_react@18.3.1__react@18.3.1_three@0.172.0/node_modules/@react-three/fiber": {
      "version": "9.5.0",
      "license": "MIT",
      "dependencies": {
        "@babel/runtime": "^7.17.8",
        "@types/webxr": "*",
        "base64-js": "^1.5.1",
        "buffer": "^6.0.3",
        "its-fine": "^2.0.0",
        "react-use-measure": "^2.1.7",
        "scheduler": "^0.27.0",
        "suspend-react": "^0.1.3",
        "use-sync-external-store": "^1.4.0",
        "zustand": "^5.0.3"
      },
      "devDependencies": {
        "@types/react-reconciler": "^0.32.3",
        "react-reconciler": "^0.33.0"
      },
      "peerDependencies": {
        "expo": ">=43.0",
        "expo-asset": ">=8.4",
        "expo-file-system": ">=11.0",
        "expo-gl": ">=11.0",
        "react": ">=19 <19.3",
        "react-dom": ">=19 <19.3",
        "react-native": ">=0.78",
        "three": ">=0.156"
      },
      "peerDependenciesMeta": {
        "expo": {
          "optional": true
        },
        "expo-asset": {
          "optional": true
        },
        "expo-file-system": {
          "optional": true
        },
        "expo-gl": {
          "optional": true
        },
        "react-dom": {
          "optional": true
        },
        "react-native": {
          "optional": true
        }
      }
    },
    "../../node_modules/.pnpm/@types+react-dom@18.3.7_@types+react@18.3.28/node_modules/@types/react-dom": {
      "version": "18.3.7",
      "dev": true,
      "license": "MIT",
      "peerDependencies": {
        "@types/react": "^18.0.0"
      }
    },
    "../../node_modules/.pnpm/@types+react@18.3.28/node_modules/@types/react": {
      "version": "18.3.28",
      "dev": true,
      "license": "MIT",
      "dependencies": {
        "@types/prop-types": "*",
        "csstype": "^3.2.2"
      }
    },
    "../../node_modules/.pnpm/@types+three@0.172.0/node_modules/@types/three": {
      "version": "0.172.0",
      "dev": true,
      "license": "MIT",
      "dependencies": {
        "@tweenjs/tween.js": "~23.1.3",
        "@types/stats.js": "*",
        "@types/webxr": "*",
        "@webgpu/types": "*",
        "fflate": "~0.8.2",
        "meshoptimizer": "~0.18.1"
      }
    },
    "../../node_modules/.pnpm/@vitejs+plugin-react@4.7.0_vite@6.4.1/node_modules/@vitejs/plugin-react": {
      "version": "4.7.0",
      "dev": true,
      "license": "MIT",
      "dependencies": {
        "@babel/core": "^7.28.0",
        "@babel/plugin-transform-react-jsx-self": "^7.27.1",
        "@babel/plugin-transform-react-jsx-source": "^7.27.1",
        "@rolldown/pluginutils": "1.0.0-beta.27",
        "@types/babel__core": "^7.20.5",
        "react-refresh": "^0.17.0"
      },
      "devDependencies": {
        "@vitejs/react-common": "workspace:*",
        "babel-plugin-react-compiler": "19.1.0-rc.2",
        "react": "^19.1.0",
        "react-dom": "^19.1.0",
        "rolldown": "1.0.0-beta.27",
        "tsdown": "^0.12.9",
        "vitest": "^3.2.4"
      },
      "engines": {
        "node": "^14.18.0 || >=16.0.0"
      },
      "peerDependencies": {
        "vite": "^4.2.0 || ^5.0.0 || ^6.0.0 || ^7.0.0"
      }
    },
    "../../node_modules/.pnpm/immer@10.2.0/node_modules/immer": {
      "version": "10.2.0",
      "license": "MIT",
      "devDependencies": {
        "@babel/core": "^7.21.3",
        "@types/node": "^24.3.1",
        "@vitest/coverage-v8": "2.1.9",
        "coveralls": "^3.0.0",
        "cpx2": "^3.0.0",
        "deep-freeze": "^0.0.1",
        "flow-bin": "^0.123.0",
        "husky": "^1.2.0",
        "immutable": "^3.8.2",
        "import-size": "^1.0.2",
        "lodash": "^4.17.4",
        "lodash.clonedeep": "^4.5.0",
        "prettier": "1.19.1",
        "pretty-quick": "^1.8.0",
        "redux": "^4.0.5",
        "rimraf": "^2.6.2",
        "seamless-immutable": "^7.1.3",
        "semantic-release": "^17.0.2",
        "tsup": "^6.7.0",
        "typescript": "^5.0.2",
        "vite": "^5.4.0",
        "vitest": "^2.0.0"
      },
      "funding": {
        "type": "opencollective",
        "url": "https://opencollective.com/immer"
      }
    },
    "../../node_modules/.pnpm/react-dom@18.3.1_react@18.3.1/node_modules/react-dom": {
      "version": "18.3.1",
      "license": "MIT",
      "dependencies": {
        "loose-envify": "^1.1.0",
        "scheduler": "^0.23.2"
      },
      "peerDependencies": {
        "react": "^18.3.1"
      }
    },
    "../../node_modules/.pnpm/react@18.3.1/node_modules/react": {
      "version": "18.3.1",
      "license": "MIT",
      "dependencies": {
        "loose-envify": "^1.1.0"
      },
      "engines": {
        "node": ">=0.10.0"
      }
    },
    "../../node_modules/.pnpm/three@0.172.0/node_modules/three": {
      "version": "0.172.0",
      "license": "MIT",
      "devDependencies": {
        "@rollup/plugin-node-resolve": "^16.0.0",
        "@rollup/plugin-terser": "^0.4.0",
        "chalk": "^5.2.0",
        "clean-jsdoc-theme": "^4.3.0",
        "concurrently": "^9.0.0",
        "dpdm": "^3.14.0",
        "eslint": "^8.37.0",
        "eslint-config-mdcs": "^5.0.0",
        "eslint-plugin-compat": "^6.0.0",
        "eslint-plugin-html": "^8.0.0",
        "eslint-plugin-import": "^2.27.5",
        "failonlyreporter": "^1.0.0",
        "jimp": "^1.6.0",
        "jsdoc": "^4.0.4",
        "magic-string": "^0.30.0",
        "pixelmatch": "^6.0.0",
        "puppeteer": "^22.0.0",
        "qunit": "^2.19.4",
        "rollup": "^4.6.0",
        "rollup-plugin-filesize": "^10.0.0",
        "rollup-plugin-visualizer": "^5.9.0",
        "servez": "^2.2.4"
      }
    },
    "../../node_modules/.pnpm/typescript@5.7.3/node_modules/typescript": {
      "version": "5.7.3",
      "dev": true,
      "license": "Apache-2.0",
      "bin": {
        "tsc": "bin/tsc",
        "tsserver": "bin/tsserver"
      },
      "devDependencies": {
        "@dprint/formatter": "^0.4.1",
        "@dprint/typescript": "0.93.0",
        "@esfx/canceltoken": "^1.0.0",
        "@eslint/js": "^9.11.1",
        "@octokit/rest": "^21.0.2",
        "@types/chai": "^4.3.20",
        "@types/diff": "^5.2.2",
        "@types/minimist": "^1.2.5",
        "@types/mocha": "^10.0.8",
        "@types/ms": "^0.7.34",
        "@types/node": "latest",
        "@types/source-map-support": "^0.5.10",
        "@types/which": "^3.0.4",
        "@typescript-eslint/rule-tester": "^8.8.0",
        "@typescript-eslint/type-utils": "^8.8.0",
        "@typescript-eslint/utils": "^8.8.0",
        "azure-devops-node-api": "^14.1.0",
        "c8": "^10.1.2",
        "chai": "^4.5.0",
        "chalk": "^4.1.2",
        "chokidar": "^3.6.0",
        "diff": "^5.2.0",
        "dprint": "^0.47.2",
        "esbuild": "^0.24.0",
        "eslint": "^9.11.1",
        "eslint-formatter-autolinkable-stylish": "^1.4.0",
        "eslint-plugin-regexp": "^2.6.0",
        "fast-xml-parser": "^4.5.0",
        "glob": "^10.4.5",
        "globals": "^15.9.0",
        "hereby": "^1.10.0",
        "jsonc-parser": "^3.3.1",
        "knip": "^5.30.6",
        "minimist": "^1.2.8",
        "mocha": "^10.7.3",
        "mocha-fivemat-progress-reporter": "^0.1.0",
        "monocart-coverage-reports": "^2.11.0",
        "ms": "^2.1.3",
        "playwright": "^1.47.2",
        "source-map-support": "^0.5.21",
        "tslib": "^2.7.0",
        "typescript": "^5.6.2",
        "typescript-eslint": "^8.8.0",
        "which": "^3.0.1"
      },
      "engines": {
        "node": ">=14.17"
      }
    },
    "../../node_modules/.pnpm/vite-plugin-wasm@3.5.0_vite@6.4.1/node_modules/vite-plugin-wasm": {
      "version": "3.5.0",
      "dev": true,
      "license": "MIT",
      "devDependencies": {
        "@babel/core": "^7.26.0",
        "@babel/preset-env": "^7.26.0",
        "@jest/types": "^29.6.3",
        "@jsona/openapi": "^0.2.5",
        "@syntect/wasm": "^0.0.4",
        "@types/express": "^5.0.0",
        "@types/jest": "^29.5.14",
        "cross-env": "^7.0.3",
        "cz-conventional-changelog": "^3.3.0",
        "express": "^4.21.2",
        "jest": "^29.7.0",
        "jest-extended": "^4.0.2",
        "mime": "^4.0.6",
        "playwright": "1.23.3",
        "playwright-core": "1.23.3",
        "prettier": "^3.4.2",
        "terser": "^5.37.0",
        "ts-jest": "^29.2.5",
        "typescript": "^5.7.2",
        "vite": "7",
        "wait-port": "^1.1.0"
      },
      "peerDependencies": {
        "vite": "^2 || ^3 || ^4 || ^5 || ^6 || ^7"
      }
    },
    "../../node_modules/.pnpm/vite@6.4.1/node_modules/vite": {
      "version": "6.4.1",
      "dev": true,
      "license": "MIT",
      "dependencies": {
        "esbuild": "^0.25.0",
        "fdir": "^6.4.4",
        "picomatch": "^4.0.2",
        "postcss": "^8.5.3",
        "rollup": "^4.34.9",
        "tinyglobby": "^0.2.13"
      },
      "bin": {
        "vite": "bin/vite.js"
      },
      "devDependencies": {
        "@ampproject/remapping": "^2.3.0",
        "@babel/parser": "^7.27.0",
        "@jridgewell/trace-mapping": "^0.3.25",
        "@polka/compression": "^1.0.0-next.25",
        "@rollup/plugin-alias": "^5.1.1",
        "@rollup/plugin-commonjs": "^28.0.3",
        "@rollup/plugin-dynamic-import-vars": "2.1.4",
        "@rollup/plugin-json": "^6.1.0",
        "@rollup/plugin-node-resolve": "16.0.1",
        "@rollup/pluginutils": "^5.1.4",
        "@types/escape-html": "^1.0.4",
        "@types/pnpapi": "^0.0.5",
        "artichokie": "^0.3.1",
        "cac": "^6.7.14",
        "chokidar": "^3.6.0",
        "connect": "^3.7.0",
        "convert-source-map": "^2.0.0",
        "cors": "^2.8.5",
        "cross-spawn": "^7.0.6",
        "debug": "^4.4.0",
        "dep-types": "link:./src/types",
        "dotenv": "^16.5.0",
        "dotenv-expand": "^12.0.2",
        "es-module-lexer": "^1.6.0",
        "escape-html": "^1.0.3",
        "estree-walker": "^3.0.3",
        "etag": "^1.8.1",
        "http-proxy": "^1.18.1",
        "launch-editor-middleware": "^2.10.0",
        "lightningcss": "^1.29.3",
        "magic-string": "^0.30.17",
        "mlly": "^1.7.4",
        "mrmime": "^2.0.1",
        "nanoid": "^5.1.5",
        "open": "^10.1.1",
        "parse5": "^7.2.1",
        "pathe": "^2.0.3",
        "periscopic": "^4.0.2",
        "picocolors": "^1.1.1",
        "postcss-import": "^16.1.0",
        "postcss-load-config": "^6.0.1",
        "postcss-modules": "^6.0.1",
        "resolve.exports": "^2.0.3",
        "rollup-plugin-dts": "^6.2.1",
        "rollup-plugin-esbuild": "^6.2.1",
        "rollup-plugin-license": "^3.6.0",
        "sass": "^1.86.3",
        "sass-embedded": "^1.86.3",
        "sirv": "^3.0.2",
        "source-map-support": "^0.5.21",
        "strip-literal": "^3.0.0",
        "terser": "^5.39.0",
        "tsconfck": "^3.1.5",
        "tslib": "^2.8.1",
        "types": "link:./types",
        "ufo": "^1.6.1",
        "ws": "^8.18.1"
      },
      "engines": {
        "node": "^18.0.0 || ^20.0.0 || >=22.0.0"
      },
      "funding": {
        "url": "https://github.com/vitejs/vite?sponsor=1"
      },
      "optionalDependencies": {
        "fsevents": "~2.3.3"
      },
      "peerDependencies": {
        "@types/node": "^18.0.0 || ^20.0.0 || >=22.0.0",
        "jiti": ">=1.21.0",
        "less": "*",
        "lightningcss": "^1.21.0",
        "sass": "*",
        "sass-embedded": "*",
        "stylus": "*",
        "sugarss": "*",
        "terser": "^5.16.0",
        "tsx": "^4.8.1",
        "yaml": "^2.4.2"
      },
      "peerDependenciesMeta": {
        "@types/node": {
          "optional": true
        },
        "jiti": {
          "optional": true
        },
        "less": {
          "optional": true
        },
        "lightningcss": {
          "optional": true
        },
        "sass": {
          "optional": true
        },
        "sass-embedded": {
          "optional": true
        },
        "stylus": {
          "optional": true
        },
        "sugarss": {
          "optional": true
        },
        "terser": {
          "optional": true
        },
        "tsx": {
          "optional": true
        },
        "yaml": {
          "optional": true
        }
      }
    },
    "../../node_modules/.pnpm/zundo@2.3.0_zustand@5.0.11_@types+react@18.3.28_immer@10.2.0_react@18.3.1_use-sync-external-store@1.6.0_react@18.3.1__/node_modules/zundo": {
      "version": "2.3.0",
      "license": "MIT",
      "devDependencies": {
        "prettier": "3.3.3",
        "tsup": "8.3.5",
        "typescript": "5.6.3",
        "zustand": "5.0.1"
      },
      "funding": {
        "type": "individual",
        "url": "https://github.com/sponsors/charkour"
      },
      "peerDependencies": {
        "zustand": "^4.3.0 || ^5.0.0"
      },
      "peerDependenciesMeta": {
        "zustand": {
          "optional": false
        }
      }
    },
    "../../node_modules/.pnpm/zustand@5.0.11_@types+react@18.3.28_immer@10.2.0_react@18.3.1_use-sync-external-store@1.6.0_react@18.3.1_/node_modules/zustand": {
      "version": "5.0.11",
      "license": "MIT",
      "engines": {
        "node": ">=12.20.0"
      },
      "peerDependencies": {
        "@types/react": ">=18.0.0",
        "immer": ">=9.0.6",
        "react": ">=18.0.0",
        "use-sync-external-store": ">=1.2.0"
      },
      "peerDependenciesMeta": {
        "@types/react": {
          "optional": true
        },
        "immer": {
          "optional": true
        },
        "react": {
          "optional": true
        },
        "use-sync-external-store": {
          "optional": true
        }
      }
    },
    "node_modules/@react-three/drei": {
      "resolved": "../../node_modules/.pnpm/@react-three+drei@10.7.7_@react-three+fiber@9.5.0_@types+react@18.3.28_immer@10.2.0_rea_1f518809d1a4c8c460728413ad2faba0/node_modules/@react-three/drei",
      "link": true
    },
    "node_modules/@react-three/fiber": {
      "resolved": "../../node_modules/.pnpm/@react-three+fiber@9.5.0_@types+react@18.3.28_immer@10.2.0_react-dom@18.3.1_react@18.3.1__react@18.3.1_three@0.172.0/node_modules/@react-three/fiber",
      "link": true
    },
    "node_modules/@tauri-apps/api": {
      "version": "2.10.1",
      "resolved": "https://registry.npmjs.org/@tauri-apps/api/-/api-2.10.1.tgz",
      "integrity": "sha512-hKL/jWf293UDSUN09rR69hrToyIXBb8CjGaWC7gfinvnQrBVvnLr08FeFi38gxtugAVyVcTa5/FD/Xnkb1siBw==",
      "license": "Apache-2.0 OR MIT",
      "funding": {
        "type": "opencollective",
        "url": "https://opencollective.com/tauri"
      }
    },
    "node_modules/@types/react": {
      "resolved": "../../node_modules/.pnpm/@types+react@18.3.28/node_modules/@types/react",
      "link": true
    },
    "node_modules/@types/react-dom": {
      "resolved": "../../node_modules/.pnpm/@types+react-dom@18.3.7_@types+react@18.3.28/node_modules/@types/react-dom",
      "link": true
    },
    "node_modules/@types/three": {
      "resolved": "../../node_modules/.pnpm/@types+three@0.172.0/node_modules/@types/three",
      "link": true
    },
    "node_modules/@vitejs/plugin-react": {
      "resolved": "../../node_modules/.pnpm/@vitejs+plugin-react@4.7.0_vite@6.4.1/node_modules/@vitejs/plugin-react",
      "link": true
    },
    "node_modules/immer": {
      "resolved": "../../node_modules/.pnpm/immer@10.2.0/node_modules/immer",
      "link": true
    },
    "node_modules/react": {
      "resolved": "../../node_modules/.pnpm/react@18.3.1/node_modules/react",
      "link": true
    },
    "node_modules/react-dom": {
      "resolved": "../../node_modules/.pnpm/react-dom@18.3.1_react@18.3.1/node_modules/react-dom",
      "link": true
    },
    "node_modules/three": {
      "resolved": "../../node_modules/.pnpm/three@0.172.0/node_modules/three",
      "link": true
    },
    "node_modules/typescript": {
      "resolved": "../../node_modules/.pnpm/typescript@5.7.3/node_modules/typescript",
      "link": true
    },
    "node_modules/vite": {
      "resolved": "../../node_modules/.pnpm/vite@6.4.1/node_modules/vite",
      "link": true
    },
    "node_modules/vite-plugin-wasm": {
      "resolved": "../../node_modules/.pnpm/vite-plugin-wasm@3.5.0_vite@6.4.1/node_modules/vite-plugin-wasm",
      "link": true
    },
    "node_modules/zundo": {
      "resolved": "../../node_modules/.pnpm/zundo@2.3.0_zustand@5.0.11_@types+react@18.3.28_immer@10.2.0_react@18.3.1_use-sync-external-store@1.6.0_react@18.3.1__/node_modules/zundo",
      "link": true
    },
    "node_modules/zustand": {
      "resolved": "../../node_modules/.pnpm/zustand@5.0.11_@types+react@18.3.28_immer@10.2.0_react@18.3.1_use-sync-external-store@1.6.0_react@18.3.1_/node_modules/zustand",
      "link": true
    }
  }
}
